// !$*UTF8*$!
{
	archiveVersion = 1;
	classes = {
	};
	objectVersion = 46;
	objects = {

/* Begin PBXBuildFile section */
		0675409D1EC756D600029A2F /* AppDelegate.swift in Sources */ = {isa = PBXBuildFile; fileRef = 0675409C1EC756D600029A2F /* AppDelegate.swift */; };
		0675409F1EC756D600029A2F /* MainVC.swift in Sources */ = {isa = PBXBuildFile; fileRef = 0675409E1EC756D600029A2F /* MainVC.swift */; };
		067540A21EC756D600029A2F /* Main.storyboard in Resources */ = {isa = PBXBuildFile; fileRef = 067540A01EC756D600029A2F /* Main.storyboard */; };
		067540A51EC756D600029A2F /* dreamlistener.xcdatamodeld in Sources */ = {isa = PBXBuildFile; fileRef = 067540A31EC756D600029A2F /* dreamlistener.xcdatamodeld */; };
		067540A71EC756D600029A2F /* Assets.xcassets in Resources */ = {isa = PBXBuildFile; fileRef = 067540A61EC756D600029A2F /* Assets.xcassets */; };
		067540AA1EC756D600029A2F /* LaunchScreen.storyboard in Resources */ = {isa = PBXBuildFile; fileRef = 067540A81EC756D600029A2F /* LaunchScreen.storyboard */; };
		067540B91EC7772000029A2F /* Item+CoreDataClass.swift in Sources */ = {isa = PBXBuildFile; fileRef = 067540B11EC7772000029A2F /* Item+CoreDataClass.swift */; };
		067540BA1EC7772000029A2F /* Item+CoreDataProperties.swift in Sources */ = {isa = PBXBuildFile; fileRef = 067540B21EC7772000029A2F /* Item+CoreDataProperties.swift */; };
		067540BB1EC7772000029A2F /* ItemType+CoreDataClass.swift in Sources */ = {isa = PBXBuildFile; fileRef = 067540B31EC7772000029A2F /* ItemType+CoreDataClass.swift */; };
		067540BC1EC7772000029A2F /* ItemType+CoreDataProperties.swift in Sources */ = {isa = PBXBuildFile; fileRef = 067540B41EC7772000029A2F /* ItemType+CoreDataProperties.swift */; };
		067540BD1EC7772000029A2F /* Store+CoreDataClass.swift in Sources */ = {isa = PBXBuildFile; fileRef = 067540B51EC7772000029A2F /* Store+CoreDataClass.swift */; };
		067540BE1EC7772000029A2F /* Store+CoreDataProperties.swift in Sources */ = {isa = PBXBuildFile; fileRef = 067540B61EC7772000029A2F /* Store+CoreDataProperties.swift */; };
		067540BF1EC7772000029A2F /* Image+CoreDataClass.swift in Sources */ = {isa = PBXBuildFile; fileRef = 067540B71EC7772000029A2F /* Image+CoreDataClass.swift */; };
		067540C01EC7772000029A2F /* Image+CoreDataProperties.swift in Sources */ = {isa = PBXBuildFile; fileRef = 067540B81EC7772000029A2F /* Image+CoreDataProperties.swift */; };
		067540C41EC786EB00029A2F /* domo.jpg in Resources */ = {isa = PBXBuildFile; fileRef = 067540C31EC786EB00029A2F /* domo.jpg */; };
		067540C71EC788B600029A2F /* MaterialView.swift in Sources */ = {isa = PBXBuildFile; fileRef = 067540C61EC788B600029A2F /* MaterialView.swift */; };
		067540C91EC78D3B00029A2F /* ItemCell.swift in Sources */ = {isa = PBXBuildFile; fileRef = 067540C81EC78D3B00029A2F /* ItemCell.swift */; };
		067540CC1EC823F900029A2F /* ItemDetailsVC.swift in Sources */ = {isa = PBXBuildFile; fileRef = 067540CB1EC823F900029A2F /* ItemDetailsVC.swift */; };
		067540D01EC834E700029A2F /* CustomTextField.swift in Sources */ = {isa = PBXBuildFile; fileRef = 067540CF1EC834E700029A2F /* CustomTextField.swift */; };
/* End PBXBuildFile section */

/* Begin PBXFileReference section */
		067540991EC756D600029A2F /* dreamlistener.app */ = {isa = PBXFileReference; explicitFileType = wrapper.application; includeInIndex = 0; path = dreamlistener.app; sourceTree = BUILT_PRODUCTS_DIR; };
		0675409C1EC756D600029A2F /* AppDelegate.swift */ = {isa = PBXFileReference; lastKnownFileType = sourcecode.swift; path = AppDelegate.swift; sourceTree = "<group>"; };
		0675409E1EC756D600029A2F /* MainVC.swift */ = {isa = PBXFileReference; lastKnownFileType = sourcecode.swift; path = MainVC.swift; sourceTree = "<group>"; };
		067540A11EC756D600029A2F /* Base */ = {isa = PBXFileReference; lastKnownFileType = file.storyboard; name = Base; path = Base.lproj/Main.storyboard; sourceTree = "<group>"; };
		067540A41EC756D600029A2F /* dreamlistener.xcdatamodel */ = {isa = PBXFileReference; lastKnownFileType = wrapper.xcdatamodel; path = dreamlistener.xcdatamodel; sourceTree = "<group>"; };
		067540A61EC756D600029A2F /* Assets.xcassets */ = {isa = PBXFileReference; lastKnownFileType = folder.assetcatalog; path = Assets.xcassets; sourceTree = "<group>"; };
		067540A91EC756D600029A2F /* Base */ = {isa = PBXFileReference; lastKnownFileType = file.storyboard; name = Base; path = Base.lproj/LaunchScreen.storyboard; sourceTree = "<group>"; };
		067540AB1EC756D600029A2F /* Info.plist */ = {isa = PBXFileReference; lastKnownFileType = text.plist.xml; path = Info.plist; sourceTree = "<group>"; };
		067540B11EC7772000029A2F /* Item+CoreDataClass.swift */ = {isa = PBXFileReference; fileEncoding = 4; lastKnownFileType = sourcecode.swift; path = "Item+CoreDataClass.swift"; sourceTree = "<group>"; };
		067540B21EC7772000029A2F /* Item+CoreDataProperties.swift */ = {isa = PBXFileReference; fileEncoding = 4; lastKnownFileType = sourcecode.swift; path = "Item+CoreDataProperties.swift"; sourceTree = "<group>"; };
		067540B31EC7772000029A2F /* ItemType+CoreDataClass.swift */ = {isa = PBXFileReference; fileEncoding = 4; lastKnownFileType = sourcecode.swift; path = "ItemType+CoreDataClass.swift"; sourceTree = "<group>"; };
		067540B41EC7772000029A2F /* ItemType+CoreDataProperties.swift */ = {isa = PBXFileReference; fileEncoding = 4; lastKnownFileType = sourcecode.swift; path = "ItemType+CoreDataProperties.swift"; sourceTree = "<group>"; };
		067540B51EC7772000029A2F /* Store+CoreDataClass.swift */ = {isa = PBXFileReference; fileEncoding = 4; lastKnownFileType = sourcecode.swift; path = "Store+CoreDataClass.swift"; sourceTree = "<group>"; };
		067540B61EC7772000029A2F /* Store+CoreDataProperties.swift */ = {isa = PBXFileReference; fileEncoding = 4; lastKnownFileType = sourcecode.swift; path = "Store+CoreDataProperties.swift"; sourceTree = "<group>"; };
		067540B71EC7772000029A2F /* Image+CoreDataClass.swift */ = {isa = PBXFileReference; fileEncoding = 4; lastKnownFileType = sourcecode.swift; path = "Image+CoreDataClass.swift"; sourceTree = "<group>"; };
		067540B81EC7772000029A2F /* Image+CoreDataProperties.swift */ = {isa = PBXFileReference; fileEncoding = 4; lastKnownFileType = sourcecode.swift; path = "Image+CoreDataProperties.swift"; sourceTree = "<group>"; };
		067540C31EC786EB00029A2F /* domo.jpg */ = {isa = PBXFileReference; lastKnownFileType = image.jpeg; path = domo.jpg; sourceTree = "<group>"; };
		067540C61EC788B600029A2F /* MaterialView.swift */ = {isa = PBXFileReference; fileEncoding = 4; lastKnownFileType = sourcecode.swift; path = MaterialView.swift; sourceTree = "<group>"; };
		067540C81EC78D3B00029A2F /* ItemCell.swift */ = {isa = PBXFileReference; fileEncoding = 4; lastKnownFileType = sourcecode.swift; path = ItemCell.swift; sourceTree = "<group>"; };
		067540CB1EC823F900029A2F /* ItemDetailsVC.swift */ = {isa = PBXFileReference; fileEncoding = 4; lastKnownFileType = sourcecode.swift; path = ItemDetailsVC.swift; sourceTree = "<group>"; };
		067540CF1EC834E700029A2F /* CustomTextField.swift */ = {isa = PBXFileReference; fileEncoding = 4; lastKnownFileType = sourcecode.swift; path = CustomTextField.swift; sourceTree = "<group>"; };
/* End PBXFileReference section */

/* Begin PBXFrameworksBuildPhase section */
		067540961EC756D600029A2F /* Frameworks */ = {
			isa = PBXFrameworksBuildPhase;
			buildActionMask = 2147483647;
			files = (
			);
			runOnlyForDeploymentPostprocessing = 0;
		};
/* End PBXFrameworksBuildPhase section */

/* Begin PBXGroup section */
		067540901EC756D500029A2F = {
			isa = PBXGroup;
			children = (
				0675409B1EC756D600029A2F /* dreamlistener */,
				0675409A1EC756D600029A2F /* Products */,
			);
			sourceTree = "<group>";
		};
		0675409A1EC756D600029A2F /* Products */ = {
			isa = PBXGroup;
			children = (
				067540991EC756D600029A2F /* dreamlistener.app */,
			);
			name = Products;
			sourceTree = "<group>";
		};
		0675409B1EC756D600029A2F /* dreamlistener */ = {
			isa = PBXGroup;
			children = (
				067540C51EC787AA00029A2F /* View */,
				067540C11EC7779D00029A2F /* Model */,
				067540CA1EC8233B00029A2F /* Controller */,
				0675409C1EC756D600029A2F /* AppDelegate.swift */,
				067540A01EC756D600029A2F /* Main.storyboard */,
				067540CF1EC834E700029A2F /* CustomTextField.swift */,
				067540A61EC756D600029A2F /* Assets.xcassets */,
				067540C31EC786EB00029A2F /* domo.jpg */,
				067540A81EC756D600029A2F /* LaunchScreen.storyboard */,
				067540AB1EC756D600029A2F /* Info.plist */,
				067540A31EC756D600029A2F /* dreamlistener.xcdatamodeld */,
			);
			path = dreamlistener;
			sourceTree = "<group>";
		};
		067540C11EC7779D00029A2F /* Model */ = {
			isa = PBXGroup;
			children = (
				067540B11EC7772000029A2F /* Item+CoreDataClass.swift */,
				067540B31EC7772000029A2F /* ItemType+CoreDataClass.swift */,
				067540B51EC7772000029A2F /* Store+CoreDataClass.swift */,
				067540B71EC7772000029A2F /* Image+CoreDataClass.swift */,
				067540C21EC777B900029A2F /* generated */,
			);
			name = Model;
			sourceTree = "<group>";
		};
		067540C21EC777B900029A2F /* generated */ = {
			isa = PBXGroup;
			children = (
				067540B21EC7772000029A2F /* Item+CoreDataProperties.swift */,
				067540B41EC7772000029A2F /* ItemType+CoreDataProperties.swift */,
				067540B61EC7772000029A2F /* Store+CoreDataProperties.swift */,
				067540B81EC7772000029A2F /* Image+CoreDataProperties.swift */,
			);
			name = generated;
			sourceTree = "<group>";
		};
		067540C51EC787AA00029A2F /* View */ = {
			isa = PBXGroup;
			children = (
				067540C61EC788B600029A2F /* MaterialView.swift */,
				067540C81EC78D3B00029A2F /* ItemCell.swift */,
			);
			name = View;
			sourceTree = "<group>";
		};
		067540CA1EC8233B00029A2F /* Controller */ = {
			isa = PBXGroup;
			children = (
				0675409E1EC756D600029A2F /* MainVC.swift */,
				067540CB1EC823F900029A2F /* ItemDetailsVC.swift */,
			);
			name = Controller;
			sourceTree = "<group>";
		};
/* End PBXGroup section */

/* Begin PBXNativeTarget section */
		067540981EC756D600029A2F /* dreamlistener */ = {
			isa = PBXNativeTarget;
			buildConfigurationList = 067540AE1EC756D600029A2F /* Build configuration list for PBXNativeTarget "dreamlistener" */;
			buildPhases = (
				067540951EC756D600029A2F /* Sources */,
				067540961EC756D600029A2F /* Frameworks */,
				067540971EC756D600029A2F /* Resources */,
			);
			buildRules = (
			);
			dependencies = (
			);
			name = dreamlistener;
			productName = dreamlistener;
			productReference = 067540991EC756D600029A2F /* dreamlistener.app */;
			productType = "com.apple.product-type.application";
		};
/* End PBXNativeTarget section */

/* Begin PBXProject section */
		067540911EC756D600029A2F /* Project object */ = {
			isa = PBXProject;
			attributes = {
				LastSwiftUpdateCheck = 0820;
				LastUpgradeCheck = 0820;
				ORGANIZATIONNAME = "oskar ljungdahl";
				TargetAttributes = {
					067540981EC756D600029A2F = {
						CreatedOnToolsVersion = 8.2.1;
						DevelopmentTeam = HFRBUUM266;
						ProvisioningStyle = Automatic;
					};
				};
			};
			buildConfigurationList = 067540941EC756D600029A2F /* Build configuration list for PBXProject "dreamlistener" */;
			compatibilityVersion = "Xcode 3.2";
			developmentRegion = English;
			hasScannedForEncodings = 0;
			knownRegions = (
				en,
				Base,
			);
			mainGroup = 067540901EC756D500029A2F;
			productRefGroup = 0675409A1EC756D600029A2F /* Products */;
			projectDirPath = "";
			projectRoot = "";
			targets = (
				067540981EC756D600029A2F /* dreamlistener */,
			);
		};
/* End PBXProject section */

/* Begin PBXResourcesBuildPhase section */
		067540971EC756D600029A2F /* Resources */ = {
			isa = PBXResourcesBuildPhase;
			buildActionMask = 2147483647;
			files = (
				067540AA1EC756D600029A2F /* LaunchScreen.storyboard in Resources */,
				067540A71EC756D600029A2F /* Assets.xcassets in Resources */,
				067540C41EC786EB00029A2F /* domo.jpg in Resources */,
				067540A21EC756D600029A2F /* Main.storyboard in Resources */,
			);
			runOnlyForDeploymentPostprocessing = 0;
		};
/* End PBXResourcesBuildPhase section */

/* Begin PBXSourcesBuildPhase section */
		067540951EC756D600029A2F /* Sources */ = {
			isa = PBXSourcesBuildPhase;
			buildActionMask = 2147483647;
			files = (
				067540C91EC78D3B00029A2F /* ItemCell.swift in Sources */,
				067540BB1EC7772000029A2F /* ItemType+CoreDataClass.swift in Sources */,
				067540A51EC756D600029A2F /* dreamlistener.xcdatamodeld in Sources */,
				0675409F1EC756D600029A2F /* MainVC.swift in Sources */,
				067540C71EC788B600029A2F /* MaterialView.swift in Sources */,
				067540B91EC7772000029A2F /* Item+CoreDataClass.swift in Sources */,
				067540BE1EC7772000029A2F /* Store+CoreDataProperties.swift in Sources */,
				0675409D1EC756D600029A2F /* AppDelegate.swift in Sources */,
				067540CC1EC823F900029A2F /* ItemDetailsVC.swift in Sources */,
				067540BD1EC7772000029A2F /* Store+CoreDataClass.swift in Sources */,
				067540BC1EC7772000029A2F /* ItemType+CoreDataProperties.swift in Sources */,
				067540BA1EC7772000029A2F /* Item+CoreDataProperties.swift in Sources */,
				067540BF1EC7772000029A2F /* Image+CoreDataClass.swift in Sources */,
				067540C01EC7772000029A2F /* Image+CoreDataProperties.swift in Sources */,
				067540D01EC834E700029A2F /* CustomTextField.swift in Sources */,
			);
			runOnlyForDeploymentPostprocessing = 0;
		};
/* End PBXSourcesBuildPhase section */

/* Begin PBXVariantGroup section */
		067540A01EC756D600029A2F /* Main.storyboard */ = {
			isa = PBXVariantGroup;
			children = (
				067540A11EC756D600029A2F /* Base */,
			);
			name = Main.storyboard;
			sourceTree = "<group>";
		};
		067540A81EC756D600029A2F /* LaunchScreen.storyboard */ = {
			isa = PBXVariantGroup;
			children = (
				067540A91EC756D600029A2F /* Base */,
			);
			name = LaunchScreen.storyboard;
			sourceTree = "<group>";
		};
/* End PBXVariantGroup section */

/* Begin XCBuildConfiguration section */
		067540AC1EC756D600029A2F /* Debug */ = {
			isa = XCBuildConfiguration;
			buildSettings = {
				ALWAYS_SEARCH_USER_PATHS = NO;
				CLANG_ANALYZER_NONNULL = YES;
				CLANG_CXX_LANGUAGE_STANDARD = "gnu++0x";
				CLANG_CXX_LIBRARY = "libc++";
				CLANG_ENABLE_MODULES = YES;
				CLANG_ENABLE_OBJC_ARC = YES;
				CLANG_WARN_BOOL_CONVERSION = YES;
				CLANG_WARN_CONSTANT_CONVERSION = YES;
				CLANG_WARN_DIRECT_OBJC_ISA_USAGE = YES_ERROR;
				CLANG_WARN_DOCUMENTATION_COMMENTS = YES;
				CLANG_WARN_EMPTY_BODY = YES;
				CLANG_WARN_ENUM_CONVERSION = YES;
				CLANG_WARN_INFINITE_RECURSION = YES;
				CLANG_WARN_INT_CONVERSION = YES;
				CLANG_WARN_OBJC_ROOT_CLASS = YES_ERROR;
				CLANG_WARN_SUSPICIOUS_MOVE = YES;
				CLANG_WARN_UNREACHABLE_CODE = YES;
				CLANG_WARN__DUPLICATE_METHOD_MATCH = YES;
				"CODE_SIGN_IDENTITY[sdk=iphoneos*]" = "iPhone Developer";
				COPY_PHASE_STRIP = NO;
				DEBUG_INFORMATION_FORMAT = dwarf;
				ENABLE_STRICT_OBJC_MSGSEND = YES;
				ENABLE_TESTABILITY = YES;
				GCC_C_LANGUAGE_STANDARD = gnu99;
				GCC_DYNAMIC_NO_PIC = NO;
				GCC_NO_COMMON_BLOCKS = YES;
				GCC_OPTIMIZATION_LEVEL = 0;
				GCC_PREPROCESSOR_DEFINITIONS = (
					"DEBUG=1",
					"$(inherited)",
				);
				GCC_WARN_64_TO_32_BIT_CONVERSION = YES;
				GCC_WARN_ABOUT_RETURN_TYPE = YES_ERROR;
				GCC_WARN_UNDECLARED_SELECTOR = YES;
				GCC_WARN_UNINITIALIZED_AUTOS = YES_AGGRESSIVE;
				GCC_WARN_UNUSED_FUNCTION = YES;
				GCC_WARN_UNUSED_VARIABLE = YES;
				IPHONEOS_DEPLOYMENT_TARGET = 10.2;
				MTL_ENABLE_DEBUG_INFO = YES;
				ONLY_ACTIVE_ARCH = YES;
				SDKROOT = iphoneos;
				SWIFT_ACTIVE_COMPILATION_CONDITIONS = DEBUG;
				SWIFT_OPTIMIZATION_LEVEL = "-Onone";
			};
			name = Debug;
		};
		067540AD1EC756D600029A2F /* Release */ = {
			isa = XCBuildConfiguration;
			buildSettings = {
				ALWAYS_SEARCH_USER_PATHS = NO;
				CLANG_ANALYZER_NONNULL = YES;
				CLANG_CXX_LANGUAGE_STANDARD = "gnu++0x";
				CLANG_CXX_LIBRARY = "libc++";
				CLANG_ENABLE_MODULES = YES;
				CLANG_ENABLE_OBJC_ARC = YES;
				CLANG_WARN_BOOL_CONVERSION = YES;
				CLANG_WARN_CONSTANT_CONVERSION = YES;
				CLANG_WARN_DIRECT_OBJC_ISA_USAGE = YES_ERROR;
				CLANG_WARN_DOCUMENTATION_COMMENTS = YES;
				CLANG_WARN_EMPTY_BODY = YES;
				CLANG_WARN_ENUM_CONVERSION = YES;
				CLANG_WARN_INFINITE_RECURSION = YES;
				CLANG_WARN_INT_CONVERSION = YES;
				CLANG_WARN_OBJC_ROOT_CLASS = YES_ERROR;
				CLANG_WARN_SUSPICIOUS_MOVE = YES;
				CLANG_WARN_UNREACHABLE_CODE = YES;
				CLANG_WARN__DUPLICATE_METHOD_MATCH = YES;
				"CODE_SIGN_IDENTITY[sdk=iphoneos*]" = "iPhone Developer";
				COPY_PHASE_STRIP = NO;
				DEBUG_INFORMATION_FORMAT = "dwarf-with-dsym";
				ENABLE_NS_ASSERTIONS = NO;
				ENABLE_STRICT_OBJC_MSGSEND = YES;
				GCC_C_LANGUAGE_STANDARD = gnu99;
				GCC_NO_COMMON_BLOCKS = YES;
				GCC_WARN_64_TO_32_BIT_CONVERSION = YES;
				GCC_WARN_ABOUT_RETURN_TYPE = YES_ERROR;
				GCC_WARN_UNDECLARED_SELECTOR = YES;
				GCC_WARN_UNINITIALIZED_AUTOS = YES_AGGRESSIVE;
				GCC_WARN_UNUSED_FUNCTION = YES;
				GCC_WARN_UNUSED_VARIABLE = YES;
				IPHONEOS_DEPLOYMENT_TARGET = 10.2;
				MTL_ENABLE_DEBUG_INFO = NO;
				SDKROOT = iphoneos;
				SWIFT_OPTIMIZATION_LEVEL = "-Owholemodule";
				VALIDATE_PRODUCT = YES;
			};
			name = Release;
		};
		067540AF1EC756D600029A2F /* Debug */ = {
			isa = XCBuildConfiguration;
			buildSettings = {
				ASSETCATALOG_COMPILER_APPICON_NAME = AppIcon;
				DEVELOPMENT_TEAM = HFRBUUM266;
				INFOPLIST_FILE = dreamlistener/Info.plist;
				LD_RUNPATH_SEARCH_PATHS = "$(inherited) @executable_path/Frameworks";
				PRODUCT_BUNDLE_IDENTIFIER = se.oskarljungdahl.dreamlistener;
				PRODUCT_NAME = "$(TARGET_NAME)";
				SWIFT_VERSION = 3.0;
			};
			name = Debug;
		};
		067540B01EC756D600029A2F /* Release */ = {
			isa = XCBuildConfiguration;
			buildSettings = {
				ASSETCATALOG_COMPILER_APPICON_NAME = AppIcon;
				DEVELOPMENT_TEAM = HFRBUUM266;
				INFOPLIST_FILE = dreamlistener/Info.plist;
				LD_RUNPATH_SEARCH_PATHS = "$(inherited) @executable_path/Frameworks";
				PRODUCT_BUNDLE_IDENTIFIER = se.oskarljungdahl.dreamlistener;
				PRODUCT_NAME = "$(TARGET_NAME)";
				SWIFT_VERSION = 3.0;
			};
			name = Release;
		};
/* End XCBuildConfiguration section */

/* Begin XCConfigurationList section */
		067540941EC756D600029A2F /* Build configuration list for PBXProject "dreamlistener" */ = {
			isa = XCConfigurationList;
			buildConfigurations = (
				067540AC1EC756D600029A2F /* Debug */,
				067540AD1EC756D600029A2F /* Release */,
			);
			defaultConfigurationIsVisible = 0;
			defaultConfigurationName = Release;
		};
		067540AE1EC756D600029A2F /* Build configuration list for PBXNativeTarget "dreamlistener" */ = {
			isa = XCConfigurationList;
			buildConfigurations = (
				067540AF1EC756D600029A2F /* Debug */,
				067540B01EC756D600029A2F /* Release */,
			);
			defaultConfigurationIsVisible = 0;
			defaultConfigurationName = Release;
		};
/* End XCConfigurationList section */

/* Begin XCVersionGroup section */
		067540A31EC756D600029A2F /* dreamlistener.xcdatamodeld */ = {
			isa = XCVersionGroup;
			children = (
				067540A41EC756D600029A2F /* dreamlistener.xcdatamodel */,
			);
			currentVersion = 067540A41EC756D600029A2F /* dreamlistener.xcdatamodel */;
			path = dreamlistener.xcdatamodeld;
			sourceTree = "<group>";
			versionGroupType = wrapper.xcdatamodel;
		};
/* End XCVersionGroup section */
	};
	rootObject = 067540911EC756D600029A2F /* Project object */;
}
